
Microsoft Visual Studio Solution File, Format Version 12.00
# Visual Studio Version 17
VisualStudioVersion = 17.8.34330.188
MinimumVisualStudioVersion = 10.0.40219.1
Project("{8BC9CEB8-8B4A-11D0-8D11-00A0C91BC942}") = "lab_2_1", "lab_2_1.vcxproj", "{BA4E5034-C4C0-4562-A23C-DC5D4F6E5CDB}"
EndProject
Global
	GlobalSection(SolutionConfigurationPlatforms) = preSolution
		Debug|x64 = Debug|x64
		Debug|x86 = Debug|x86
		Release|x64 = Release|x64
		Release|x86 = Release|x86
	EndGlobalSection
	GlobalSection(ProjectConfigurationPlatforms) = postSolution
		{BA4E5034-C4C0-4562-A23C-DC5D4F6E5CDB}.Debug|x64.ActiveCfg = Debug|x64
		{BA4E5034-C4C0-4562-A23C-DC5D4F6E5CDB}.Debug|x64.Build.0 = Debug|x64
		{BA4E5034-C4C0-4562-A23C-DC5D4F6E5CDB}.Debug|x86.ActiveCfg = Debug|Win32
		{BA4E5034-C4C0-4562-A23C-DC5D4F6E5CDB}.Debug|x86.Build.0 = Debug|Win32
		{BA4E5034-C4C0-4562-A23C-DC5D4F6E5CDB}.Release|x64.ActiveCfg = Release|x64
		{BA4E5034-C4C0-4562-A23C-DC5D4F6E5CDB}.Release|x64.Build.0 = Release|x64
		{BA4E5034-C4C0-4562-A23C-DC5D4F6E5CDB}.Release|x86.ActiveCfg = Release|Win32
		{BA4E5034-C4C0-4562-A23C-DC5D4F6E5CDB}.Release|x86.Build.0 = Release|Win32
	EndGlobalSection
	GlobalSection(SolutionProperties) = preSolution
		HideSolutionNode = FALSE
	EndGlobalSection
	GlobalSection(ExtensibilityGlobals) = postSolution
		SolutionGuid = {30C2BDEB-F898-4B7D-82F1-57AE4DEAF0C8}
	EndGlobalSection
EndGlobal
